
Microsoft Visual Studio Solution File, Format Version 12.00
# Visual Studio Version 17
VisualStudioVersion = 17.11.35327.3
MinimumVisualStudioVersion = 10.0.40219.1
Project("{9A19103F-16F7-4668-BE54-9A1E7A4F7556}") = "MonoExample2025", "MonoExample2025\MonoExample2025.csproj", "{3EA3D861-2828-4E21-8120-CBB722DABD84}"
EndProject
Project("{FAE04EC0-301F-11D3-BF4B-00C04F79EFBC}") = "BuiltinDataStructureExamples2025", "BuiltinDataStructureExamples2025\BuiltinDataStructureExamples2025.csproj", "{7BC4CC82-26F2-46B7-85D2-CAEEAF08DD76}"
EndProject
Project("{FAE04EC0-301F-11D3-BF4B-00C04F79EFBC}") = "MonoGameListExample2025", "MonoGameListExample2025\MonoGameListExample2025.csproj", "{0525A32E-DDF6-4695-B426-E834588CF0EF}"
EndProject
Project("{FAE04EC0-301F-11D3-BF4B-00C04F79EFBC}") = "LINQexamples2025", "LINQexamples2025\LINQexamples2025.csproj", "{05403C64-B6B2-43B1-862C-A6304E029F48}"
EndProject
Project("{2150E333-8FDC-42A3-9474-1A3956D46DE8}") = "Solution Items", "Solution Items", "{31943834-E9ED-4CC0-BEF7-3F8E095CCE66}"
	ProjectSection(SolutionItems) = preProject
		.editorconfig = .editorconfig
	EndProjectSection
EndProject
Project("{FAE04EC0-301F-11D3-BF4B-00C04F79EFBC}") = "GameComponentExample2025", "GameComponentExample2025\GameComponentExample2025.csproj", "{4C8FE0EA-C8C4-45F7-AA10-295CD99AEC17}"
EndProject
Project("{FAE04EC0-301F-11D3-BF4B-00C04F79EFBC}") = "TileSheetEngineExample2023", "TileSheetEngineExample2023\TileSheetEngineExample2023.csproj", "{28A41C7F-E59C-4345-9339-2F07D5125016}"
EndProject
Project("{FAE04EC0-301F-11D3-BF4B-00C04F79EFBC}") = "TilingUsingSheetWithColliders2023", "TilingUsingSheetWithColliders2023\TilingUsingSheetWithColliders2023.csproj", "{11D63E8B-1D0C-4487-9EEA-BC435B9A5333}"
EndProject
Global
	GlobalSection(SolutionConfigurationPlatforms) = preSolution
		Debug|Any CPU = Debug|Any CPU
		Release|Any CPU = Release|Any CPU
	EndGlobalSection
	GlobalSection(ProjectConfigurationPlatforms) = postSolution
		{3EA3D861-2828-4E21-8120-CBB722DABD84}.Debug|Any CPU.ActiveCfg = Debug|Any CPU
		{3EA3D861-2828-4E21-8120-CBB722DABD84}.Debug|Any CPU.Build.0 = Debug|Any CPU
		{3EA3D861-2828-4E21-8120-CBB722DABD84}.Release|Any CPU.ActiveCfg = Release|Any CPU
		{3EA3D861-2828-4E21-8120-CBB722DABD84}.Release|Any CPU.Build.0 = Release|Any CPU
		{7BC4CC82-26F2-46B7-85D2-CAEEAF08DD76}.Debug|Any CPU.ActiveCfg = Debug|Any CPU
		{7BC4CC82-26F2-46B7-85D2-CAEEAF08DD76}.Debug|Any CPU.Build.0 = Debug|Any CPU
		{7BC4CC82-26F2-46B7-85D2-CAEEAF08DD76}.Release|Any CPU.ActiveCfg = Release|Any CPU
		{7BC4CC82-26F2-46B7-85D2-CAEEAF08DD76}.Release|Any CPU.Build.0 = Release|Any CPU
		{0525A32E-DDF6-4695-B426-E834588CF0EF}.Debug|Any CPU.ActiveCfg = Debug|Any CPU
		{0525A32E-DDF6-4695-B426-E834588CF0EF}.Debug|Any CPU.Build.0 = Debug|Any CPU
		{0525A32E-DDF6-4695-B426-E834588CF0EF}.Release|Any CPU.ActiveCfg = Release|Any CPU
		{0525A32E-DDF6-4695-B426-E834588CF0EF}.Release|Any CPU.Build.0 = Release|Any CPU
		{05403C64-B6B2-43B1-862C-A6304E029F48}.Debug|Any CPU.ActiveCfg = Debug|Any CPU
		{05403C64-B6B2-43B1-862C-A6304E029F48}.Debug|Any CPU.Build.0 = Debug|Any CPU
		{05403C64-B6B2-43B1-862C-A6304E029F48}.Release|Any CPU.ActiveCfg = Release|Any CPU
		{05403C64-B6B2-43B1-862C-A6304E029F48}.Release|Any CPU.Build.0 = Release|Any CPU
		{4C8FE0EA-C8C4-45F7-AA10-295CD99AEC17}.Debug|Any CPU.ActiveCfg = Debug|Any CPU
		{4C8FE0EA-C8C4-45F7-AA10-295CD99AEC17}.Debug|Any CPU.Build.0 = Debug|Any CPU
		{4C8FE0EA-C8C4-45F7-AA10-295CD99AEC17}.Release|Any CPU.ActiveCfg = Release|Any CPU
		{4C8FE0EA-C8C4-45F7-AA10-295CD99AEC17}.Release|Any CPU.Build.0 = Release|Any CPU
		{28A41C7F-E59C-4345-9339-2F07D5125016}.Debug|Any CPU.ActiveCfg = Debug|Any CPU
		{28A41C7F-E59C-4345-9339-2F07D5125016}.Debug|Any CPU.Build.0 = Debug|Any CPU
		{28A41C7F-E59C-4345-9339-2F07D5125016}.Release|Any CPU.ActiveCfg = Release|Any CPU
		{28A41C7F-E59C-4345-9339-2F07D5125016}.Release|Any CPU.Build.0 = Release|Any CPU
		{11D63E8B-1D0C-4487-9EEA-BC435B9A5333}.Debug|Any CPU.ActiveCfg = Debug|Any CPU
		{11D63E8B-1D0C-4487-9EEA-BC435B9A5333}.Debug|Any CPU.Build.0 = Debug|Any CPU
		{11D63E8B-1D0C-4487-9EEA-BC435B9A5333}.Release|Any CPU.ActiveCfg = Release|Any CPU
		{11D63E8B-1D0C-4487-9EEA-BC435B9A5333}.Release|Any CPU.Build.0 = Release|Any CPU
	EndGlobalSection
	GlobalSection(SolutionProperties) = preSolution
		HideSolutionNode = FALSE
	EndGlobalSection
	GlobalSection(ExtensibilityGlobals) = postSolution
		SolutionGuid = {8ED98492-A9BD-4E3B-A53B-C01BF62F8794}
	EndGlobalSection
EndGlobal
